
Microsoft Visual Studio Solution File, Format Version 12.00
# Visual Studio Version 17
VisualStudioVersion = 17.9.34714.143
MinimumVisualStudioVersion = 10.0.40219.1
Project("{9A19103F-16F7-4668-BE54-9A1E7A4F7556}") = "DeveloperTest", "DeveloperTest\DeveloperTest.csproj", "{D018248E-D7CC-4E28-801D-48606A8DA005}"
EndProject
Project("{FAE04EC0-301F-11D3-BF4B-00C04F79EFBC}") = "DeveloperTest.Tests", "DeveloperTest.Tests\DeveloperTest.Tests.csproj", "{F3A14A47-22B1-4350-8D77-081FA652B88A}"
EndProject
Global
	GlobalSection(SolutionConfigurationPlatforms) = preSolution
		Debug|Any CPU = Debug|Any CPU
		Release|Any CPU = Release|Any CPU
	EndGlobalSection
	GlobalSection(ProjectConfigurationPlatforms) = postSolution
		{D018248E-D7CC-4E28-801D-48606A8DA005}.Debug|Any CPU.ActiveCfg = Debug|Any CPU
		{D018248E-D7CC-4E28-801D-48606A8DA005}.Debug|Any CPU.Build.0 = Debug|Any CPU
		{D018248E-D7CC-4E28-801D-48606A8DA005}.Release|Any CPU.ActiveCfg = Release|Any CPU
		{D018248E-D7CC-4E28-801D-48606A8DA005}.Release|Any CPU.Build.0 = Release|Any CPU
		{F3A14A47-22B1-4350-8D77-081FA652B88A}.Debug|Any CPU.ActiveCfg = Debug|Any CPU
		{F3A14A47-22B1-4350-8D77-081FA652B88A}.Debug|Any CPU.Build.0 = Debug|Any CPU
		{F3A14A47-22B1-4350-8D77-081FA652B88A}.Release|Any CPU.ActiveCfg = Release|Any CPU
		{F3A14A47-22B1-4350-8D77-081FA652B88A}.Release|Any CPU.Build.0 = Release|Any CPU
	EndGlobalSection
	GlobalSection(SolutionProperties) = preSolution
		HideSolutionNode = FALSE
	EndGlobalSection
	GlobalSection(ExtensibilityGlobals) = postSolution
		SolutionGuid = {0ED0BA0F-B7B8-4010-B65E-1AB92A449FF4}
	EndGlobalSection
EndGlobal
